
Microsoft Visual Studio Solution File, Format Version 12.00
# Visual Studio Version 17
VisualStudioVersion = 17.3.32922.545
MinimumVisualStudioVersion = 10.0.40219.1
Project("{FAE04EC0-301F-11D3-BF4B-00C04F79EFBC}") = "Dashboard.Server", "Dashboard\Server\Dashboard.Server.csproj", "{29BA6C3F-8C1C-47B2-84F8-5BD99611EF00}"
EndProject
Project("{FAE04EC0-301F-11D3-BF4B-00C04F79EFBC}") = "Dashboard.Client", "Dashboard\Client\Dashboard.Client.csproj", "{81EF9C57-3AC6-4CC0-98F9-3104C1E9516F}"
EndProject
Project("{FAE04EC0-301F-11D3-BF4B-00C04F79EFBC}") = "Dashboard.Shared", "Dashboard\Shared\Dashboard.Shared.csproj", "{1AE44058-33A5-4A4C-BCDD-04E20403AA80}"
EndProject
Global
	GlobalSection(SolutionConfigurationPlatforms) = preSolution
		Debug|Any CPU = Debug|Any CPU
		Release|Any CPU = Release|Any CPU
	EndGlobalSection
	GlobalSection(ProjectConfigurationPlatforms) = postSolution
		{29BA6C3F-8C1C-47B2-84F8-5BD99611EF00}.Debug|Any CPU.ActiveCfg = Debug|Any CPU
		{29BA6C3F-8C1C-47B2-84F8-5BD99611EF00}.Debug|Any CPU.Build.0 = Debug|Any CPU
		{29BA6C3F-8C1C-47B2-84F8-5BD99611EF00}.Release|Any CPU.ActiveCfg = Release|Any CPU
		{29BA6C3F-8C1C-47B2-84F8-5BD99611EF00}.Release|Any CPU.Build.0 = Release|Any CPU
		{81EF9C57-3AC6-4CC0-98F9-3104C1E9516F}.Debug|Any CPU.ActiveCfg = Debug|Any CPU
		{81EF9C57-3AC6-4CC0-98F9-3104C1E9516F}.Debug|Any CPU.Build.0 = Debug|Any CPU
		{81EF9C57-3AC6-4CC0-98F9-3104C1E9516F}.Release|Any CPU.ActiveCfg = Release|Any CPU
		{81EF9C57-3AC6-4CC0-98F9-3104C1E9516F}.Release|Any CPU.Build.0 = Release|Any CPU
		{1AE44058-33A5-4A4C-BCDD-04E20403AA80}.Debug|Any CPU.ActiveCfg = Debug|Any CPU
		{1AE44058-33A5-4A4C-BCDD-04E20403AA80}.Debug|Any CPU.Build.0 = Debug|Any CPU
		{1AE44058-33A5-4A4C-BCDD-04E20403AA80}.Release|Any CPU.ActiveCfg = Release|Any CPU
		{1AE44058-33A5-4A4C-BCDD-04E20403AA80}.Release|Any CPU.Build.0 = Release|Any CPU
	EndGlobalSection
	GlobalSection(SolutionProperties) = preSolution
		HideSolutionNode = FALSE
	EndGlobalSection
	GlobalSection(ExtensibilityGlobals) = postSolution
		SolutionGuid = {D9C60B0D-98B5-4ACC-9AAD-EE3DDA67CC1E}
	EndGlobalSection
EndGlobal
